
Microsoft Visual Studio Solution File, Format Version 12.00
# Visual Studio Version 17
VisualStudioVersion = 17.8.34316.72
MinimumVisualStudioVersion = 10.0.40219.1
Project("{2150E333-8FDC-42A3-9474-1A3956D46DE8}") = "Services", "Services", "{3F8DC96C-DF30-4EC8-8CE7-0FB5BDA4AEC4}"
EndProject
Project("{2150E333-8FDC-42A3-9474-1A3956D46DE8}") = "Catalog", "Catalog", "{20383475-AC8B-4D4C-98DD-F00CCB390AD1}"
EndProject
Project("{FAE04EC0-301F-11D3-BF4B-00C04F79EFBC}") = "Catalog.API", "Services\Calalog\Catalog.API\Catalog.API.csproj", "{4ECC91CE-7DB0-4483-B21F-BA9E35EE0C9E}"
EndProject
Global
	GlobalSection(SolutionConfigurationPlatforms) = preSolution
		Debug|Any CPU = Debug|Any CPU
		Release|Any CPU = Release|Any CPU
	EndGlobalSection
	GlobalSection(ProjectConfigurationPlatforms) = postSolution
		{4ECC91CE-7DB0-4483-B21F-BA9E35EE0C9E}.Debug|Any CPU.ActiveCfg = Debug|Any CPU
		{4ECC91CE-7DB0-4483-B21F-BA9E35EE0C9E}.Debug|Any CPU.Build.0 = Debug|Any CPU
		{4ECC91CE-7DB0-4483-B21F-BA9E35EE0C9E}.Release|Any CPU.ActiveCfg = Release|Any CPU
		{4ECC91CE-7DB0-4483-B21F-BA9E35EE0C9E}.Release|Any CPU.Build.0 = Release|Any CPU
	EndGlobalSection
	GlobalSection(SolutionProperties) = preSolution
		HideSolutionNode = FALSE
	EndGlobalSection
	GlobalSection(NestedProjects) = preSolution
		{20383475-AC8B-4D4C-98DD-F00CCB390AD1} = {3F8DC96C-DF30-4EC8-8CE7-0FB5BDA4AEC4}
		{4ECC91CE-7DB0-4483-B21F-BA9E35EE0C9E} = {20383475-AC8B-4D4C-98DD-F00CCB390AD1}
	EndGlobalSection
	GlobalSection(ExtensibilityGlobals) = postSolution
		SolutionGuid = {C88E8107-3B2E-47DA-AD37-862594C6634E}
	EndGlobalSection
EndGlobal
